<Solution>
  <Folder Name="/Tests/">
    <Project Path="Tests/TestProject1/Norn.IntegrationTests.csproj" Id="8b25164a-0eed-4a83-87e2-4c049868adf0" />
  </Folder>
  <Project Path="docker-compose.dcproj">
    <Build />
  </Project>
  <Project Path="Norn.Api/Norn.Api.csproj" />
  <Project Path="Norn.Models/Norn.Models.csproj" />
  <Project Path="Norn.Repository/Norn.Repository.csproj" />
</Solution>
